// !$*UTF8*$!
{
	archiveVersion = 1;
	classes = {
	};
	objectVersion = 56;
	objects = {

/* Begin PBXBuildFile section */
		5CE2C53A2A61DBAD00F2B3BF /* ePsycheApp.swift in Sources */ = {isa = PBXBuildFile; fileRef = 5CE2C5392A61DBAD00F2B3BF /* ePsycheApp.swift */; };
		5CE2C53C2A61DBAD00F2B3BF /* ContentView.swift in Sources */ = {isa = PBXBuildFile; fileRef = 5CE2C53B2A61DBAD00F2B3BF /* ContentView.swift */; };
		5CE2C53E2A61DBAE00F2B3BF /* Assets.xcassets in Resources */ = {isa = PBXBuildFile; fileRef = 5CE2C53D2A61DBAE00F2B3BF /* Assets.xcassets */; };
		5CE2C5412A61DBAE00F2B3BF /* Preview Assets.xcassets in Resources */ = {isa = PBXBuildFile; fileRef = 5CE2C5402A61DBAE00F2B3BF /* Preview Assets.xcassets */; };
		5CE2C5432A61DBAE00F2B3BF /* Persistence.swift in Sources */ = {isa = PBXBuildFile; fileRef = 5CE2C5422A61DBAE00F2B3BF /* Persistence.swift */; };
		5CE2C5462A61DBAE00F2B3BF /* ePsyche.xcdatamodeld in Sources */ = {isa = PBXBuildFile; fileRef = 5CE2C5442A61DBAE00F2B3BF /* ePsyche.xcdatamodeld */; };
		5CE2C5512A61DBAE00F2B3BF /* ePsycheTests.swift in Sources */ = {isa = PBXBuildFile; fileRef = 5CE2C5502A61DBAE00F2B3BF /* ePsycheTests.swift */; };
		5CE2C55B2A61DBAE00F2B3BF /* ePsycheUITests.swift in Sources */ = {isa = PBXBuildFile; fileRef = 5CE2C55A2A61DBAE00F2B3BF /* ePsycheUITests.swift */; };
		5CE2C55D2A61DBAE00F2B3BF /* ePsycheUITestsLaunchTests.swift in Sources */ = {isa = PBXBuildFile; fileRef = 5CE2C55C2A61DBAE00F2B3BF /* ePsycheUITestsLaunchTests.swift */; };
/* End PBXBuildFile section */

/* Begin PBXContainerItemProxy section */
		5CE2C54D2A61DBAE00F2B3BF /* PBXContainerItemProxy */ = {
			isa = PBXContainerItemProxy;
			containerPortal = 5CE2C52E2A61DBAD00F2B3BF /* Project object */;
			proxyType = 1;
			remoteGlobalIDString = 5CE2C5352A61DBAD00F2B3BF;
			remoteInfo = ePsyche;
		};
		5CE2C5572A61DBAE00F2B3BF /* PBXContainerItemProxy */ = {
			isa = PBXContainerItemProxy;
			containerPortal = 5CE2C52E2A61DBAD00F2B3BF /* Project object */;
			proxyType = 1;
			remoteGlobalIDString = 5CE2C5352A61DBAD00F2B3BF;
			remoteInfo = ePsyche;
		};
/* End PBXContainerItemProxy section */

/* Begin PBXFileReference section */
		5CE2C5362A61DBAD00F2B3BF /* ePsyche.app */ = {isa = PBXFileReference; explicitFileType = wrapper.application; includeInIndex = 0; path = ePsyche.app; sourceTree = BUILT_PRODUCTS_DIR; };
		5CE2C5392A61DBAD00F2B3BF /* ePsycheApp.swift */ = {isa = PBXFileReference; lastKnownFileType = sourcecode.swift; path = ePsycheApp.swift; sourceTree = "<group>"; };
		5CE2C53B2A61DBAD00F2B3BF /* ContentView.swift */ = {isa = PBXFileReference; lastKnownFileType = sourcecode.swift; path = ContentView.swift; sourceTree = "<group>"; };
		5CE2C53D2A61DBAE00F2B3BF /* Assets.xcassets */ = {isa = PBXFileReference; lastKnownFileType = folder.assetcatalog; path = Assets.xcassets; sourceTree = "<group>"; };
		5CE2C5402A61DBAE00F2B3BF /* Preview Assets.xcassets */ = {isa = PBXFileReference; lastKnownFileType = folder.assetcatalog; path = "Preview Assets.xcassets"; sourceTree = "<group>"; };
		5CE2C5422A61DBAE00F2B3BF /* Persistence.swift */ = {isa = PBXFileReference; lastKnownFileType = sourcecode.swift; path = Persistence.swift; sourceTree = "<group>"; };
		5CE2C5452A61DBAE00F2B3BF /* ePsyche.xcdatamodel */ = {isa = PBXFileReference; lastKnownFileType = wrapper.xcdatamodel; path = ePsyche.xcdatamodel; sourceTree = "<group>"; };
		5CE2C5472A61DBAE00F2B3BF /* Info.plist */ = {isa = PBXFileReference; lastKnownFileType = text.plist.xml; path = Info.plist; sourceTree = "<group>"; };
		5CE2C54C2A61DBAE00F2B3BF /* ePsycheTests.xctest */ = {isa = PBXFileReference; explicitFileType = wrapper.cfbundle; includeInIndex = 0; path = ePsycheTests.xctest; sourceTree = BUILT_PRODUCTS_DIR; };
		5CE2C5502A61DBAE00F2B3BF /* ePsycheTests.swift */ = {isa = PBXFileReference; lastKnownFileType = sourcecode.swift; path = ePsycheTests.swift; sourceTree = "<group>"; };
		5CE2C5562A61DBAE00F2B3BF /* ePsycheUITests.xctest */ = {isa = PBXFileReference; explicitFileType = wrapper.cfbundle; includeInIndex = 0; path = ePsycheUITests.xctest; sourceTree = BUILT_PRODUCTS_DIR; };
		5CE2C55A2A61DBAE00F2B3BF /* ePsycheUITests.swift */ = {isa = PBXFileReference; lastKnownFileType = sourcecode.swift; path = ePsycheUITests.swift; sourceTree = "<group>"; };
		5CE2C55C2A61DBAE00F2B3BF /* ePsycheUITestsLaunchTests.swift */ = {isa = PBXFileReference; lastKnownFileType = sourcecode.swift; path = ePsycheUITestsLaunchTests.swift; sourceTree = "<group>"; };
/* End PBXFileReference section */

/* Begin PBXFrameworksBuildPhase section */
		5CE2C5332A61DBAD00F2B3BF /* Frameworks */ = {
			isa = PBXFrameworksBuildPhase;
			buildActionMask = 2147483647;
			files = (
			);
			runOnlyForDeploymentPostprocessing = 0;
		};
		5CE2C5492A61DBAE00F2B3BF /* Frameworks */ = {
			isa = PBXFrameworksBuildPhase;
			buildActionMask = 2147483647;
			files = (
			);
			runOnlyForDeploymentPostprocessing = 0;
		};
		5CE2C5532A61DBAE00F2B3BF /* Frameworks */ = {
			isa = PBXFrameworksBuildPhase;
			buildActionMask = 2147483647;
			files = (
			);
			runOnlyForDeploymentPostprocessing = 0;
		};
/* End PBXFrameworksBuildPhase section */

/* Begin PBXGroup section */
		5CE2C52D2A61DBAD00F2B3BF = {
			isa = PBXGroup;
			children = (
				5CE2C5382A61DBAD00F2B3BF /* ePsyche */,
				5CE2C54F2A61DBAE00F2B3BF /* ePsycheTests */,
				5CE2C5592A61DBAE00F2B3BF /* ePsycheUITests */,
				5CE2C5372A61DBAD00F2B3BF /* Products */,
			);
			sourceTree = "<group>";
		};
		5CE2C5372A61DBAD00F2B3BF /* Products */ = {
			isa = PBXGroup;
			children = (
				5CE2C5362A61DBAD00F2B3BF /* ePsyche.app */,
				5CE2C54C2A61DBAE00F2B3BF /* ePsycheTests.xctest */,
				5CE2C5562A61DBAE00F2B3BF /* ePsycheUITests.xctest */,
			);
			name = Products;
			sourceTree = "<group>";
		};
		5CE2C5382A61DBAD00F2B3BF /* ePsyche */ = {
			isa = PBXGroup;
			children = (
				5CE2C5392A61DBAD00F2B3BF /* ePsycheApp.swift */,
				5CE2C53B2A61DBAD00F2B3BF /* ContentView.swift */,
				5CE2C53D2A61DBAE00F2B3BF /* Assets.xcassets */,
				5CE2C5422A61DBAE00F2B3BF /* Persistence.swift */,
				5CE2C5472A61DBAE00F2B3BF /* Info.plist */,
				5CE2C5442A61DBAE00F2B3BF /* ePsyche.xcdatamodeld */,
				5CE2C53F2A61DBAE00F2B3BF /* Preview Content */,
			);
			path = ePsyche;
			sourceTree = "<group>";
		};
		5CE2C53F2A61DBAE00F2B3BF /* Preview Content */ = {
			isa = PBXGroup;
			children = (
				5CE2C5402A61DBAE00F2B3BF /* Preview Assets.xcassets */,
			);
			path = "Preview Content";
			sourceTree = "<group>";
		};
		5CE2C54F2A61DBAE00F2B3BF /* ePsycheTests */ = {
			isa = PBXGroup;
			children = (
				5CE2C5502A61DBAE00F2B3BF /* ePsycheTests.swift */,
			);
			path = ePsycheTests;
			sourceTree = "<group>";
		};
		5CE2C5592A61DBAE00F2B3BF /* ePsycheUITests */ = {
			isa = PBXGroup;
			children = (
				5CE2C55A2A61DBAE00F2B3BF /* ePsycheUITests.swift */,
				5CE2C55C2A61DBAE00F2B3BF /* ePsycheUITestsLaunchTests.swift */,
			);
			path = ePsycheUITests;
			sourceTree = "<group>";
		};
/* End PBXGroup section */

/* Begin PBXNativeTarget section */
		5CE2C5352A61DBAD00F2B3BF /* ePsyche */ = {
			isa = PBXNativeTarget;
			buildConfigurationList = 5CE2C5602A61DBAE00F2B3BF /* Build configuration list for PBXNativeTarget "ePsyche" */;
			buildPhases = (
				5CE2C5322A61DBAD00F2B3BF /* Sources */,
				5CE2C5332A61DBAD00F2B3BF /* Frameworks */,
				5CE2C5342A61DBAD00F2B3BF /* Resources */,
			);
			buildRules = (
			);
			dependencies = (
			);
			name = ePsyche;
			productName = ePsyche;
			productReference = 5CE2C5362A61DBAD00F2B3BF /* ePsyche.app */;
			productType = "com.apple.product-type.application";
		};
		5CE2C54B2A61DBAE00F2B3BF /* ePsycheTests */ = {
			isa = PBXNativeTarget;
			buildConfigurationList = 5CE2C5632A61DBAE00F2B3BF /* Build configuration list for PBXNativeTarget "ePsycheTests" */;
			buildPhases = (
				5CE2C5482A61DBAE00F2B3BF /* Sources */,
				5CE2C5492A61DBAE00F2B3BF /* Frameworks */,
				5CE2C54A2A61DBAE00F2B3BF /* Resources */,
			);
			buildRules = (
			);
			dependencies = (
				5CE2C54E2A61DBAE00F2B3BF /* PBXTargetDependency */,
			);
			name = ePsycheTests;
			productName = ePsycheTests;
			productReference = 5CE2C54C2A61DBAE00F2B3BF /* ePsycheTests.xctest */;
			productType = "com.apple.product-type.bundle.unit-test";
		};
		5CE2C5552A61DBAE00F2B3BF /* ePsycheUITests */ = {
			isa = PBXNativeTarget;
			buildConfigurationList = 5CE2C5662A61DBAE00F2B3BF /* Build configuration list for PBXNativeTarget "ePsycheUITests" */;
			buildPhases = (
				5CE2C5522A61DBAE00F2B3BF /* Sources */,
				5CE2C5532A61DBAE00F2B3BF /* Frameworks */,
				5CE2C5542A61DBAE00F2B3BF /* Resources */,
			);
			buildRules = (
			);
			dependencies = (
				5CE2C5582A61DBAE00F2B3BF /* PBXTargetDependency */,
			);
			name = ePsycheUITests;
			productName = ePsycheUITests;
			productReference = 5CE2C5562A61DBAE00F2B3BF /* ePsycheUITests.xctest */;
			productType = "com.apple.product-type.bundle.ui-testing";
		};
/* End PBXNativeTarget section */

/* Begin PBXProject section */
		5CE2C52E2A61DBAD00F2B3BF /* Project object */ = {
			isa = PBXProject;
			attributes = {
				BuildIndependentTargetsInParallel = 1;
				LastSwiftUpdateCheck = 1430;
				LastUpgradeCheck = 1430;
				TargetAttributes = {
					5CE2C5352A61DBAD00F2B3BF = {
						CreatedOnToolsVersion = 14.3.1;
					};
					5CE2C54B2A61DBAE00F2B3BF = {
						CreatedOnToolsVersion = 14.3.1;
						TestTargetID = 5CE2C5352A61DBAD00F2B3BF;
					};
					5CE2C5552A61DBAE00F2B3BF = {
						CreatedOnToolsVersion = 14.3.1;
						TestTargetID = 5CE2C5352A61DBAD00F2B3BF;
					};
				};
			};
			buildConfigurationList = 5CE2C5312A61DBAD00F2B3BF /* Build configuration list for PBXProject "ePsyche" */;
			compatibilityVersion = "Xcode 14.0";
			developmentRegion = en;
			hasScannedForEncodings = 0;
			knownRegions = (
				en,
				Base,
			);
			mainGroup = 5CE2C52D2A61DBAD00F2B3BF;
			productRefGroup = 5CE2C5372A61DBAD00F2B3BF /* Products */;
			projectDirPath = "";
			projectRoot = "";
			targets = (
				5CE2C5352A61DBAD00F2B3BF /* ePsyche */,
				5CE2C54B2A61DBAE00F2B3BF /* ePsycheTests */,
				5CE2C5552A61DBAE00F2B3BF /* ePsycheUITests */,
			);
		};
/* End PBXProject section */

/* Begin PBXResourcesBuildPhase section */
		5CE2C5342A61DBAD00F2B3BF /* Resources */ = {
			isa = PBXResourcesBuildPhase;
			buildActionMask = 2147483647;
			files = (
				5CE2C5412A61DBAE00F2B3BF /* Preview Assets.xcassets in Resources */,
				5CE2C53E2A61DBAE00F2B3BF /* Assets.xcassets in Resources */,
			);
			runOnlyForDeploymentPostprocessing = 0;
		};
		5CE2C54A2A61DBAE00F2B3BF /* Resources */ = {
			isa = PBXResourcesBuildPhase;
			buildActionMask = 2147483647;
			files = (
			);
			runOnlyForDeploymentPostprocessing = 0;
		};
		5CE2C5542A61DBAE00F2B3BF /* Resources */ = {
			isa = PBXResourcesBuildPhase;
			buildActionMask = 2147483647;
			files = (
			);
			runOnlyForDeploymentPostprocessing = 0;
		};
/* End PBXResourcesBuildPhase section */

/* Begin PBXSourcesBuildPhase section */
		5CE2C5322A61DBAD00F2B3BF /* Sources */ = {
			isa = PBXSourcesBuildPhase;
			buildActionMask = 2147483647;
			files = (
				5CE2C5432A61DBAE00F2B3BF /* Persistence.swift in Sources */,
				5CE2C5462A61DBAE00F2B3BF /* ePsyche.xcdatamodeld in Sources */,
				5CE2C53C2A61DBAD00F2B3BF /* ContentView.swift in Sources */,
				5CE2C53A2A61DBAD00F2B3BF /* ePsycheApp.swift in Sources */,
			);
			runOnlyForDeploymentPostprocessing = 0;
		};
		5CE2C5482A61DBAE00F2B3BF /* Sources */ = {
			isa = PBXSourcesBuildPhase;
			buildActionMask = 2147483647;
			files = (
				5CE2C5512A61DBAE00F2B3BF /* ePsycheTests.swift in Sources */,
			);
			runOnlyForDeploymentPostprocessing = 0;
		};
		5CE2C5522A61DBAE00F2B3BF /* Sources */ = {
			isa = PBXSourcesBuildPhase;
			buildActionMask = 2147483647;
			files = (
				5CE2C55D2A61DBAE00F2B3BF /* ePsycheUITestsLaunchTests.swift in Sources */,
				5CE2C55B2A61DBAE00F2B3BF /* ePsycheUITests.swift in Sources */,
			);
			runOnlyForDeploymentPostprocessing = 0;
		};
/* End PBXSourcesBuildPhase section */

/* Begin PBXTargetDependency section */
		5CE2C54E2A61DBAE00F2B3BF /* PBXTargetDependency */ = {
			isa = PBXTargetDependency;
			target = 5CE2C5352A61DBAD00F2B3BF /* ePsyche */;
			targetProxy = 5CE2C54D2A61DBAE00F2B3BF /* PBXContainerItemProxy */;
		};
		5CE2C5582A61DBAE00F2B3BF /* PBXTargetDependency */ = {
			isa = PBXTargetDependency;
			target = 5CE2C5352A61DBAD00F2B3BF /* ePsyche */;
			targetProxy = 5CE2C5572A61DBAE00F2B3BF /* PBXContainerItemProxy */;
		};
/* End PBXTargetDependency section */

/* Begin XCBuildConfiguration section */
		5CE2C55E2A61DBAE00F2B3BF /* Debug */ = {
			isa = XCBuildConfiguration;
			buildSettings = {
				ALWAYS_SEARCH_USER_PATHS = NO;
				CLANG_ANALYZER_NONNULL = YES;
				CLANG_ANALYZER_NUMBER_OBJECT_CONVERSION = YES_AGGRESSIVE;
				CLANG_CXX_LANGUAGE_STANDARD = "gnu++20";
				CLANG_ENABLE_MODULES = YES;
				CLANG_ENABLE_OBJC_ARC = YES;
				CLANG_ENABLE_OBJC_WEAK = YES;
				CLANG_WARN_BLOCK_CAPTURE_AUTORELEASING = YES;
				CLANG_WARN_BOOL_CONVERSION = YES;
				CLANG_WARN_COMMA = YES;
				CLANG_WARN_CONSTANT_CONVERSION = YES;
				CLANG_WARN_DEPRECATED_OBJC_IMPLEMENTATIONS = YES;
				CLANG_WARN_DIRECT_OBJC_ISA_USAGE = YES_ERROR;
				CLANG_WARN_DOCUMENTATION_COMMENTS = YES;
				CLANG_WARN_EMPTY_BODY = YES;
				CLANG_WARN_ENUM_CONVERSION = YES;
				CLANG_WARN_INFINITE_RECURSION = YES;
				CLANG_WARN_INT_CONVERSION = YES;
				CLANG_WARN_NON_LITERAL_NULL_CONVERSION = YES;
				CLANG_WARN_OBJC_IMPLICIT_RETAIN_SELF = YES;
				CLANG_WARN_OBJC_LITERAL_CONVERSION = YES;
				CLANG_WARN_OBJC_ROOT_CLASS = YES_ERROR;
				CLANG_WARN_QUOTED_INCLUDE_IN_FRAMEWORK_HEADER = YES;
				CLANG_WARN_RANGE_LOOP_ANALYSIS = YES;
				CLANG_WARN_STRICT_PROTOTYPES = YES;
				CLANG_WARN_SUSPICIOUS_MOVE = YES;
				CLANG_WARN_UNGUARDED_AVAILABILITY = YES_AGGRESSIVE;
				CLANG_WARN_UNREACHABLE_CODE = YES;
				CLANG_WARN__DUPLICATE_METHOD_MATCH = YES;
				COPY_PHASE_STRIP = NO;
				DEBUG_INFORMATION_FORMAT = dwarf;
				ENABLE_STRICT_OBJC_MSGSEND = YES;
				ENABLE_TESTABILITY = YES;
				GCC_C_LANGUAGE_STANDARD = gnu11;
				GCC_DYNAMIC_NO_PIC = NO;
				GCC_NO_COMMON_BLOCKS = YES;
				GCC_OPTIMIZATION_LEVEL = 0;
				GCC_PREPROCESSOR_DEFINITIONS = (
					"DEBUG=1",
					"$(inherited)",
				);
				GCC_WARN_64_TO_32_BIT_CONVERSION = YES;
				GCC_WARN_ABOUT_RETURN_TYPE = YES_ERROR;
				GCC_WARN_UNDECLARED_SELECTOR = YES;
				GCC_WARN_UNINITIALIZED_AUTOS = YES_AGGRESSIVE;
				GCC_WARN_UNUSED_FUNCTION = YES;
				GCC_WARN_UNUSED_VARIABLE = YES;
				IPHONEOS_DEPLOYMENT_TARGET = 16.4;
				MTL_ENABLE_DEBUG_INFO = INCLUDE_SOURCE;
				MTL_FAST_MATH = YES;
				ONLY_ACTIVE_ARCH = YES;
				SDKROOT = iphoneos;
				SWIFT_ACTIVE_COMPILATION_CONDITIONS = DEBUG;
				SWIFT_OPTIMIZATION_LEVEL = "-Onone";
			};
			name = Debug;
		};
		5CE2C55F2A61DBAE00F2B3BF /* Release */ = {
			isa = XCBuildConfiguration;
			buildSettings = {
				ALWAYS_SEARCH_USER_PATHS = NO;
				CLANG_ANALYZER_NONNULL = YES;
				CLANG_ANALYZER_NUMBER_OBJECT_CONVERSION = YES_AGGRESSIVE;
				CLANG_CXX_LANGUAGE_STANDARD = "gnu++20";
				CLANG_ENABLE_MODULES = YES;
				CLANG_ENABLE_OBJC_ARC = YES;
				CLANG_ENABLE_OBJC_WEAK = YES;
				CLANG_WARN_BLOCK_CAPTURE_AUTORELEASING = YES;
				CLANG_WARN_BOOL_CONVERSION = YES;
				CLANG_WARN_COMMA = YES;
				CLANG_WARN_CONSTANT_CONVERSION = YES;
				CLANG_WARN_DEPRECATED_OBJC_IMPLEMENTATIONS = YES;
				CLANG_WARN_DIRECT_OBJC_ISA_USAGE = YES_ERROR;
				CLANG_WARN_DOCUMENTATION_COMMENTS = YES;
				CLANG_WARN_EMPTY_BODY = YES;
				CLANG_WARN_ENUM_CONVERSION = YES;
				CLANG_WARN_INFINITE_RECURSION = YES;
				CLANG_WARN_INT_CONVERSION = YES;
				CLANG_WARN_NON_LITERAL_NULL_CONVERSION = YES;
				CLANG_WARN_OBJC_IMPLICIT_RETAIN_SELF = YES;
				CLANG_WARN_OBJC_LITERAL_CONVERSION = YES;
				CLANG_WARN_OBJC_ROOT_CLASS = YES_ERROR;
				CLANG_WARN_QUOTED_INCLUDE_IN_FRAMEWORK_HEADER = YES;
				CLANG_WARN_RANGE_LOOP_ANALYSIS = YES;
				CLANG_WARN_STRICT_PROTOTYPES = YES;
				CLANG_WARN_SUSPICIOUS_MOVE = YES;
				CLANG_WARN_UNGUARDED_AVAILABILITY = YES_AGGRESSIVE;
				CLANG_WARN_UNREACHABLE_CODE = YES;
				CLANG_WARN__DUPLICATE_METHOD_MATCH = YES;
				COPY_PHASE_STRIP = NO;
				DEBUG_INFORMATION_FORMAT = "dwarf-with-dsym";
				ENABLE_NS_ASSERTIONS = NO;
				ENABLE_STRICT_OBJC_MSGSEND = YES;
				GCC_C_LANGUAGE_STANDARD = gnu11;
				GCC_NO_COMMON_BLOCKS = YES;
				GCC_WARN_64_TO_32_BIT_CONVERSION = YES;
				GCC_WARN_ABOUT_RETURN_TYPE = YES_ERROR;
				GCC_WARN_UNDECLARED_SELECTOR = YES;
				GCC_WARN_UNINITIALIZED_AUTOS = YES_AGGRESSIVE;
				GCC_WARN_UNUSED_FUNCTION = YES;
				GCC_WARN_UNUSED_VARIABLE = YES;
				IPHONEOS_DEPLOYMENT_TARGET = 16.4;
				MTL_ENABLE_DEBUG_INFO = NO;
				MTL_FAST_MATH = YES;
				SDKROOT = iphoneos;
				SWIFT_COMPILATION_MODE = wholemodule;
				SWIFT_OPTIMIZATION_LEVEL = "-O";
				VALIDATE_PRODUCT = YES;
			};
			name = Release;
		};
		5CE2C5612A61DBAE00F2B3BF /* Debug */ = {
			isa = XCBuildConfiguration;
			buildSettings = {
				ASSETCATALOG_COMPILER_APPICON_NAME = AppIcon;
				ASSETCATALOG_COMPILER_GLOBAL_ACCENT_COLOR_NAME = AccentColor;
				CODE_SIGN_STYLE = Automatic;
				CURRENT_PROJECT_VERSION = 1;
				DEVELOPMENT_ASSET_PATHS = "\"ePsyche/Preview Content\"";
				DEVELOPMENT_TEAM = R7FKPMT83H;
				ENABLE_PREVIEWS = YES;
				GENERATE_INFOPLIST_FILE = YES;
				INFOPLIST_KEY_UIApplicationSceneManifest_Generation = YES;
				INFOPLIST_KEY_UIApplicationSupportsIndirectInputEvents = YES;
				INFOPLIST_KEY_UILaunchScreen_Generation = YES;
				INFOPLIST_KEY_UISupportedInterfaceOrientations_iPad = "UIInterfaceOrientationPortrait UIInterfaceOrientationPortraitUpsideDown UIInterfaceOrientationLandscapeLeft UIInterfaceOrientationLandscapeRight";
				INFOPLIST_KEY_UISupportedInterfaceOrientations_iPhone = "UIInterfaceOrientationPortrait UIInterfaceOrientationLandscapeLeft UIInterfaceOrientationLandscapeRight";
				LD_RUNPATH_SEARCH_PATHS = (
					"$(inherited)",
					"@executable_path/Frameworks",
				);
				MARKETING_VERSION = 1.0;
				PRODUCT_BUNDLE_IDENTIFIER = delta.ePsyche;
				PRODUCT_NAME = "$(TARGET_NAME)";
				SWIFT_EMIT_LOC_STRINGS = YES;
				SWIFT_VERSION = 5.0;
				TARGETED_DEVICE_FAMILY = "1,2";
			};
			name = Debug;
		};
		5CE2C5622A61DBAE00F2B3BF /* Release */ = {
			isa = XCBuildConfiguration;
			buildSettings = {
				ASSETCATALOG_COMPILER_APPICON_NAME = AppIcon;
				ASSETCATALOG_COMPILER_GLOBAL_ACCENT_COLOR_NAME = AccentColor;
				CODE_SIGN_STYLE = Automatic;
				CURRENT_PROJECT_VERSION = 1;
				DEVELOPMENT_ASSET_PATHS = "\"ePsyche/Preview Content\"";
				DEVELOPMENT_TEAM = R7FKPMT83H;
				ENABLE_PREVIEWS = YES;
				GENERATE_INFOPLIST_FILE = YES;
				INFOPLIST_KEY_UIApplicationSceneManifest_Generation = YES;
				INFOPLIST_KEY_UIApplicationSupportsIndirectInputEvents = YES;
				INFOPLIST_KEY_UILaunchScreen_Generation = YES;
				INFOPLIST_KEY_UISupportedInterfaceOrientations_iPad = "UIInterfaceOrientationPortrait UIInterfaceOrientationPortraitUpsideDown UIInterfaceOrientationLandscapeLeft UIInterfaceOrientationLandscapeRight";
				INFOPLIST_KEY_UISupportedInterfaceOrientations_iPhone = "UIInterfaceOrientationPortrait UIInterfaceOrientationLandscapeLeft UIInterfaceOrientationLandscapeRight";
				LD_RUNPATH_SEARCH_PATHS = (
					"$(inherited)",
					"@executable_path/Frameworks",
				);
				MARKETING_VERSION = 1.0;
				PRODUCT_BUNDLE_IDENTIFIER = delta.ePsyche;
				PRODUCT_NAME = "$(TARGET_NAME)";
				SWIFT_EMIT_LOC_STRINGS = YES;
				SWIFT_VERSION = 5.0;
				TARGETED_DEVICE_FAMILY = "1,2";
			};
			name = Release;
		};
		5CE2C5642A61DBAE00F2B3BF /* Debug */ = {
			isa = XCBuildConfiguration;
			buildSettings = {
				ALWAYS_EMBED_SWIFT_STANDARD_LIBRARIES = YES;
				BUNDLE_LOADER = "$(TEST_HOST)";
				CODE_SIGN_STYLE = Automatic;
				CURRENT_PROJECT_VERSION = 1;
				DEVELOPMENT_TEAM = R7FKPMT83H;
				GENERATE_INFOPLIST_FILE = YES;
				IPHONEOS_DEPLOYMENT_TARGET = 16.4;
				MARKETING_VERSION = 1.0;
				PRODUCT_BUNDLE_IDENTIFIER = delta.ePsycheTests;
				PRODUCT_NAME = "$(TARGET_NAME)";
				SWIFT_EMIT_LOC_STRINGS = NO;
				SWIFT_VERSION = 5.0;
				TARGETED_DEVICE_FAMILY = "1,2";
				TEST_HOST = "$(BUILT_PRODUCTS_DIR)/ePsyche.app/$(BUNDLE_EXECUTABLE_FOLDER_PATH)/ePsyche";
			};
			name = Debug;
		};
		5CE2C5652A61DBAE00F2B3BF /* Release */ = {
			isa = XCBuildConfiguration;
			buildSettings = {
				ALWAYS_EMBED_SWIFT_STANDARD_LIBRARIES = YES;
				BUNDLE_LOADER = "$(TEST_HOST)";
				CODE_SIGN_STYLE = Automatic;
				CURRENT_PROJECT_VERSION = 1;
				DEVELOPMENT_TEAM = R7FKPMT83H;
				GENERATE_INFOPLIST_FILE = YES;
				IPHONEOS_DEPLOYMENT_TARGET = 16.4;
				MARKETING_VERSION = 1.0;
				PRODUCT_BUNDLE_IDENTIFIER = delta.ePsycheTests;
				PRODUCT_NAME = "$(TARGET_NAME)";
				SWIFT_EMIT_LOC_STRINGS = NO;
				SWIFT_VERSION = 5.0;
				TARGETED_DEVICE_FAMILY = "1,2";
				TEST_HOST = "$(BUILT_PRODUCTS_DIR)/ePsyche.app/$(BUNDLE_EXECUTABLE_FOLDER_PATH)/ePsyche";
			};
			name = Release;
		};
		5CE2C5672A61DBAE00F2B3BF /* Debug */ = {
			isa = XCBuildConfiguration;
			buildSettings = {
				ALWAYS_EMBED_SWIFT_STANDARD_LIBRARIES = YES;
				CODE_SIGN_STYLE = Automatic;
				CURRENT_PROJECT_VERSION = 1;
				DEVELOPMENT_TEAM = R7FKPMT83H;
				GENERATE_INFOPLIST_FILE = YES;
				MARKETING_VERSION = 1.0;
				PRODUCT_BUNDLE_IDENTIFIER = delta.ePsycheUITests;
				PRODUCT_NAME = "$(TARGET_NAME)";
				SWIFT_EMIT_LOC_STRINGS = NO;
				SWIFT_VERSION = 5.0;
				TARGETED_DEVICE_FAMILY = "1,2";
				TEST_TARGET_NAME = ePsyche;
			};
			name = Debug;
		};
		5CE2C5682A61DBAE00F2B3BF /* Release */ = {
			isa = XCBuildConfiguration;
			buildSettings = {
				ALWAYS_EMBED_SWIFT_STANDARD_LIBRARIES = YES;
				CODE_SIGN_STYLE = Automatic;
				CURRENT_PROJECT_VERSION = 1;
				DEVELOPMENT_TEAM = R7FKPMT83H;
				GENERATE_INFOPLIST_FILE = YES;
				MARKETING_VERSION = 1.0;
				PRODUCT_BUNDLE_IDENTIFIER = delta.ePsycheUITests;
				PRODUCT_NAME = "$(TARGET_NAME)";
				SWIFT_EMIT_LOC_STRINGS = NO;
				SWIFT_VERSION = 5.0;
				TARGETED_DEVICE_FAMILY = "1,2";
				TEST_TARGET_NAME = ePsyche;
			};
			name = Release;
		};
/* End XCBuildConfiguration section */

/* Begin XCConfigurationList section */
		5CE2C5312A61DBAD00F2B3BF /* Build configuration list for PBXProject "ePsyche" */ = {
			isa = XCConfigurationList;
			buildConfigurations = (
				5CE2C55E2A61DBAE00F2B3BF /* Debug */,
				5CE2C55F2A61DBAE00F2B3BF /* Release */,
			);
			defaultConfigurationIsVisible = 0;
			defaultConfigurationName = Release;
		};
		5CE2C5602A61DBAE00F2B3BF /* Build configuration list for PBXNativeTarget "ePsyche" */ = {
			isa = XCConfigurationList;
			buildConfigurations = (
				5CE2C5612A61DBAE00F2B3BF /* Debug */,
				5CE2C5622A61DBAE00F2B3BF /* Release */,
			);
			defaultConfigurationIsVisible = 0;
			defaultConfigurationName = Release;
		};
		5CE2C5632A61DBAE00F2B3BF /* Build configuration list for PBXNativeTarget "ePsycheTests" */ = {
			isa = XCConfigurationList;
			buildConfigurations = (
				5CE2C5642A61DBAE00F2B3BF /* Debug */,
				5CE2C5652A61DBAE00F2B3BF /* Release */,
			);
			defaultConfigurationIsVisible = 0;
			defaultConfigurationName = Release;
		};
		5CE2C5662A61DBAE00F2B3BF /* Build configuration list for PBXNativeTarget "ePsycheUITests" */ = {
			isa = XCConfigurationList;
			buildConfigurations = (
				5CE2C5672A61DBAE00F2B3BF /* Debug */,
				5CE2C5682A61DBAE00F2B3BF /* Release */,
			);
			defaultConfigurationIsVisible = 0;
			defaultConfigurationName = Release;
		};
/* End XCConfigurationList section */

/* Begin XCVersionGroup section */
		5CE2C5442A61DBAE00F2B3BF /* ePsyche.xcdatamodeld */ = {
			isa = XCVersionGroup;
			children = (
				5CE2C5452A61DBAE00F2B3BF /* ePsyche.xcdatamodel */,
			);
			currentVersion = 5CE2C5452A61DBAE00F2B3BF /* ePsyche.xcdatamodel */;
			path = ePsyche.xcdatamodeld;
			sourceTree = "<group>";
			versionGroupType = wrapper.xcdatamodel;
		};
/* End XCVersionGroup section */
	};
	rootObject = 5CE2C52E2A61DBAD00F2B3BF /* Project object */;
}
